
Microsoft Visual Studio Solution File, Format Version 12.00
# Visual Studio Version 17
VisualStudioVersion = 17.0.31903.59
MinimumVisualStudioVersion = 10.0.40219.1
Project("{FAE04EC0-301F-11D3-BF4B-00C04F79EFBC}") = "Pal.Engine", "src\Pal.Engine\Pal.Engine.csproj", "{A1B2C3D4-0001-0000-0000-000000000001}"
EndProject
Project("{FAE04EC0-301F-11D3-BF4B-00C04F79EFBC}") = "Pal.Ingestion", "src\Pal.Ingestion\Pal.Ingestion.csproj", "{A1B2C3D4-0002-0000-0000-000000000002}"
EndProject
Project("{FAE04EC0-301F-11D3-BF4B-00C04F79EFBC}") = "Pal.Packs", "src\Pal.Packs\Pal.Packs.csproj", "{A1B2C3D4-0003-0000-0000-000000000003}"
EndProject
Project("{FAE04EC0-301F-11D3-BF4B-00C04F79EFBC}") = "Pal.Reporting", "src\Pal.Reporting\Pal.Reporting.csproj", "{A1B2C3D4-0004-0000-0000-000000000004}"
EndProject
Project("{FAE04EC0-301F-11D3-BF4B-00C04F79EFBC}") = "Pal.Cli", "src\Pal.Cli\Pal.Cli.csproj", "{A1B2C3D4-0005-0000-0000-000000000005}"
EndProject
Project("{FAE04EC0-301F-11D3-BF4B-00C04F79EFBC}") = "Pal.Engine.Tests", "tests\Pal.Engine.Tests\Pal.Engine.Tests.csproj", "{A1B2C3D4-0011-0000-0000-000000000011}"
EndProject
Project("{FAE04EC0-301F-11D3-BF4B-00C04F79EFBC}") = "Pal.Ingestion.Tests", "tests\Pal.Ingestion.Tests\Pal.Ingestion.Tests.csproj", "{A1B2C3D4-0012-0000-0000-000000000012}"
EndProject
Project("{FAE04EC0-301F-11D3-BF4B-00C04F79EFBC}") = "Pal.Packs.Tests", "tests\Pal.Packs.Tests\Pal.Packs.Tests.csproj", "{A1B2C3D4-0013-0000-0000-000000000013}"
EndProject
Project("{FAE04EC0-301F-11D3-BF4B-00C04F79EFBC}") = "Pal.Reporting.Tests", "tests\Pal.Reporting.Tests\Pal.Reporting.Tests.csproj", "{A1B2C3D4-0014-0000-0000-000000000014}"
EndProject
Project("{FAE04EC0-301F-11D3-BF4B-00C04F79EFBC}") = "Pal.Cli.Tests", "tests\Pal.Cli.Tests\Pal.Cli.Tests.csproj", "{A1B2C3D4-0015-0000-0000-000000000015}"
EndProject
Global
    GlobalSection(SolutionConfigurationPlatforms) = preSolution
        Debug|Any CPU = Debug|Any CPU
        Release|Any CPU = Release|Any CPU
    EndGlobalSection
    GlobalSection(ProjectConfigurationPlatforms) = postSolution
        {A1B2C3D4-0001-0000-0000-000000000001}.Debug|Any CPU.ActiveCfg = Debug|Any CPU
        {A1B2C3D4-0001-0000-0000-000000000001}.Debug|Any CPU.Build.0 = Debug|Any CPU
        {A1B2C3D4-0001-0000-0000-000000000001}.Release|Any CPU.ActiveCfg = Release|Any CPU
        {A1B2C3D4-0001-0000-0000-000000000001}.Release|Any CPU.Build.0 = Release|Any CPU
        {A1B2C3D4-0002-0000-0000-000000000002}.Debug|Any CPU.ActiveCfg = Debug|Any CPU
        {A1B2C3D4-0002-0000-0000-000000000002}.Debug|Any CPU.Build.0 = Debug|Any CPU
        {A1B2C3D4-0002-0000-0000-000000000002}.Release|Any CPU.ActiveCfg = Release|Any CPU
        {A1B2C3D4-0002-0000-0000-000000000002}.Release|Any CPU.Build.0 = Release|Any CPU
        {A1B2C3D4-0003-0000-0000-000000000003}.Debug|Any CPU.ActiveCfg = Debug|Any CPU
        {A1B2C3D4-0003-0000-0000-000000000003}.Debug|Any CPU.Build.0 = Debug|Any CPU
        {A1B2C3D4-0003-0000-0000-000000000003}.Release|Any CPU.ActiveCfg = Release|Any CPU
        {A1B2C3D4-0003-0000-0000-000000000003}.Release|Any CPU.Build.0 = Release|Any CPU
        {A1B2C3D4-0004-0000-0000-000000000004}.Debug|Any CPU.ActiveCfg = Debug|Any CPU
        {A1B2C3D4-0004-0000-0000-000000000004}.Debug|Any CPU.Build.0 = Debug|Any CPU
        {A1B2C3D4-0004-0000-0000-000000000004}.Release|Any CPU.ActiveCfg = Release|Any CPU
        {A1B2C3D4-0004-0000-0000-000000000004}.Release|Any CPU.Build.0 = Release|Any CPU
        {A1B2C3D4-0005-0000-0000-000000000005}.Debug|Any CPU.ActiveCfg = Debug|Any CPU
        {A1B2C3D4-0005-0000-0000-000000000005}.Debug|Any CPU.Build.0 = Debug|Any CPU
        {A1B2C3D4-0005-0000-0000-000000000005}.Release|Any CPU.ActiveCfg = Release|Any CPU
        {A1B2C3D4-0005-0000-0000-000000000005}.Release|Any CPU.Build.0 = Release|Any CPU
        {A1B2C3D4-0011-0000-0000-000000000011}.Debug|Any CPU.ActiveCfg = Debug|Any CPU
        {A1B2C3D4-0011-0000-0000-000000000011}.Debug|Any CPU.Build.0 = Debug|Any CPU
        {A1B2C3D4-0011-0000-0000-000000000011}.Release|Any CPU.ActiveCfg = Release|Any CPU
        {A1B2C3D4-0011-0000-0000-000000000011}.Release|Any CPU.Build.0 = Release|Any CPU
        {A1B2C3D4-0012-0000-0000-000000000012}.Debug|Any CPU.ActiveCfg = Debug|Any CPU
        {A1B2C3D4-0012-0000-0000-000000000012}.Debug|Any CPU.Build.0 = Debug|Any CPU
        {A1B2C3D4-0012-0000-0000-000000000012}.Release|Any CPU.ActiveCfg = Release|Any CPU
        {A1B2C3D4-0012-0000-0000-000000000012}.Release|Any CPU.Build.0 = Release|Any CPU
        {A1B2C3D4-0013-0000-0000-000000000013}.Debug|Any CPU.ActiveCfg = Debug|Any CPU
        {A1B2C3D4-0013-0000-0000-000000000013}.Debug|Any CPU.Build.0 = Debug|Any CPU
        {A1B2C3D4-0013-0000-0000-000000000013}.Release|Any CPU.ActiveCfg = Release|Any CPU
        {A1B2C3D4-0013-0000-0000-000000000013}.Release|Any CPU.Build.0 = Release|Any CPU
        {A1B2C3D4-0014-0000-0000-000000000014}.Debug|Any CPU.ActiveCfg = Debug|Any CPU
        {A1B2C3D4-0014-0000-0000-000000000014}.Debug|Any CPU.Build.0 = Debug|Any CPU
        {A1B2C3D4-0014-0000-0000-000000000014}.Release|Any CPU.ActiveCfg = Release|Any CPU
        {A1B2C3D4-0014-0000-0000-000000000014}.Release|Any CPU.Build.0 = Release|Any CPU
        {A1B2C3D4-0015-0000-0000-000000000015}.Debug|Any CPU.ActiveCfg = Debug|Any CPU
        {A1B2C3D4-0015-0000-0000-000000000015}.Debug|Any CPU.Build.0 = Debug|Any CPU
        {A1B2C3D4-0015-0000-0000-000000000015}.Release|Any CPU.ActiveCfg = Release|Any CPU
        {A1B2C3D4-0015-0000-0000-000000000015}.Release|Any CPU.Build.0 = Release|Any CPU
    EndGlobalSection
EndGlobal
